
Microsoft Visual Studio Solution File, Format Version 12.00
# Visual Studio 14
VisualStudioVersion = 14.0.25420.1
MinimumVisualStudioVersion = 10.0.40219.1
Project("{FAE04EC0-301F-11D3-BF4B-00C04F79EFBC}") = "DoWhatImplementation", "DoWhatImplementation\DoWhatImplementation.csproj", "{2F293A02-59AD-4C15-8B3E-C7D3A800B7C6}"
EndProject
Project("{FAE04EC0-301F-11D3-BF4B-00C04F79EFBC}") = "UnitTestDoWhatImplementation", "UnitTest\UnitTestDoWhatImplementation.csproj", "{841F2A32-EF68-4846-9965-5B5C7EEFA7D2}"
EndProject
Project("{FAE04EC0-301F-11D3-BF4B-00C04F79EFBC}") = "DoWhatapp", "DoWhatapp\DoWhatapp.csproj", "{7DBA0EDE-5E5B-4D65-A94A-E5EA90650BED}"
EndProject
Global
	GlobalSection(SolutionConfigurationPlatforms) = preSolution
		Debug|Any CPU = Debug|Any CPU
		Release|Any CPU = Release|Any CPU
	EndGlobalSection
	GlobalSection(ProjectConfigurationPlatforms) = postSolution
		{2F293A02-59AD-4C15-8B3E-C7D3A800B7C6}.Debug|Any CPU.ActiveCfg = Debug|Any CPU
		{2F293A02-59AD-4C15-8B3E-C7D3A800B7C6}.Debug|Any CPU.Build.0 = Debug|Any CPU
		{2F293A02-59AD-4C15-8B3E-C7D3A800B7C6}.Release|Any CPU.ActiveCfg = Release|Any CPU
		{2F293A02-59AD-4C15-8B3E-C7D3A800B7C6}.Release|Any CPU.Build.0 = Release|Any CPU
		{841F2A32-EF68-4846-9965-5B5C7EEFA7D2}.Debug|Any CPU.ActiveCfg = Debug|Any CPU
		{841F2A32-EF68-4846-9965-5B5C7EEFA7D2}.Debug|Any CPU.Build.0 = Debug|Any CPU
		{841F2A32-EF68-4846-9965-5B5C7EEFA7D2}.Release|Any CPU.ActiveCfg = Release|Any CPU
		{841F2A32-EF68-4846-9965-5B5C7EEFA7D2}.Release|Any CPU.Build.0 = Release|Any CPU
		{7DBA0EDE-5E5B-4D65-A94A-E5EA90650BED}.Debug|Any CPU.ActiveCfg = Debug|Any CPU
		{7DBA0EDE-5E5B-4D65-A94A-E5EA90650BED}.Debug|Any CPU.Build.0 = Debug|Any CPU
		{7DBA0EDE-5E5B-4D65-A94A-E5EA90650BED}.Debug|Any CPU.Deploy.0 = Debug|Any CPU
		{7DBA0EDE-5E5B-4D65-A94A-E5EA90650BED}.Release|Any CPU.ActiveCfg = Release|Any CPU
		{7DBA0EDE-5E5B-4D65-A94A-E5EA90650BED}.Release|Any CPU.Build.0 = Release|Any CPU
	EndGlobalSection
	GlobalSection(SolutionProperties) = preSolution
		HideSolutionNode = FALSE
	EndGlobalSection
EndGlobal
